
Microsoft Visual Studio Solution File, Format Version 12.00
# Visual Studio 15
VisualStudioVersion = 15.0.27130.2026
MinimumVisualStudioVersion = 10.0.40219.1
Project("{FAE04EC0-301F-11D3-BF4B-00C04F79EFBC}") = "TelesarjaValija", "TelesarjaValija\TelesarjaValija.csproj", "{55C0993B-0E73-4D16-8E69-EB40ED522756}"
EndProject
Global
	GlobalSection(SolutionConfigurationPlatforms) = preSolution
		Debug|Any CPU = Debug|Any CPU
		Release|Any CPU = Release|Any CPU
	EndGlobalSection
	GlobalSection(ProjectConfigurationPlatforms) = postSolution
		{55C0993B-0E73-4D16-8E69-EB40ED522756}.Debug|Any CPU.ActiveCfg = Debug|Any CPU
		{55C0993B-0E73-4D16-8E69-EB40ED522756}.Debug|Any CPU.Build.0 = Debug|Any CPU
		{55C0993B-0E73-4D16-8E69-EB40ED522756}.Release|Any CPU.ActiveCfg = Release|Any CPU
		{55C0993B-0E73-4D16-8E69-EB40ED522756}.Release|Any CPU.Build.0 = Release|Any CPU
	EndGlobalSection
	GlobalSection(SolutionProperties) = preSolution
		HideSolutionNode = FALSE
	EndGlobalSection
	GlobalSection(ExtensibilityGlobals) = postSolution
		SolutionGuid = {883F6E1A-9278-438F-9473-599EB03BE9AE}
	EndGlobalSection
EndGlobal
